Microsoft Visual Studio Solution File, Format Version 12.00
# Visual Studio Version 17
VisualStudioVersion = 17.5.2.0
MinimumVisualStudioVersion = 10.0.40219.1
Project("{FAE04EC0-301F-11D3-BF4B-00C04F79EFBC}") = "Puls.Cloud.Framework", "Puls.Cloud.Framework\Puls.Cloud.Framework.csproj", "{2BA75E2D-DC79-315E-0D08-670CE37A5A6D}"
EndProject
Project("{FAE04EC0-301F-11D3-BF4B-00C04F79EFBC}") = "Puls.Cloud.Framework.Authentication", "Puls.Cloud.Framework.Authentication\Puls.Cloud.Framework.Authentication.csproj", "{6B4CA735-43C3-C22D-3ACF-58EBF2296064}"
EndProject
Project("{FAE04EC0-301F-11D3-BF4B-00C04F79EFBC}") = "Puls.Cloud.Framework.Cosmos.Migration", "Puls.Cloud.Framework.Cosmos.Migration\Puls.Cloud.Framework.Cosmos.Migration.csproj", "{F7247148-13BE-49AB-A868-07AC7BAF79CC}"
EndProject
Project("{FAE04EC0-301F-11D3-BF4B-00C04F79EFBC}") = "Puls.Cloud.Framework.SymmetricEncryption", "Puls.Cloud.Framework.SymmetricEncryption\Puls.Cloud.Framework.SymmetricEncryption.csproj", "{C93D6E51-6D06-FDB5-B611-9E048C4DFC9C}"
EndProject
Global
	GlobalSection(SolutionConfigurationPlatforms) = preSolution
		Debug|Any CPU = Debug|Any CPU
		Release|Any CPU = Release|Any CPU
	EndGlobalSection
	GlobalSection(ProjectConfigurationPlatforms) = postSolution
		{2BA75E2D-DC79-315E-0D08-670CE37A5A6D}.Debug|Any CPU.ActiveCfg = Debug|Any CPU
		{2BA75E2D-DC79-315E-0D08-670CE37A5A6D}.Debug|Any CPU.Build.0 = Debug|Any CPU
		{2BA75E2D-DC79-315E-0D08-670CE37A5A6D}.Release|Any CPU.ActiveCfg = Release|Any CPU
		{2BA75E2D-DC79-315E-0D08-670CE37A5A6D}.Release|Any CPU.Build.0 = Release|Any CPU
		{6B4CA735-43C3-C22D-3ACF-58EBF2296064}.Debug|Any CPU.ActiveCfg = Debug|Any CPU
		{6B4CA735-43C3-C22D-3ACF-58EBF2296064}.Debug|Any CPU.Build.0 = Debug|Any CPU
		{6B4CA735-43C3-C22D-3ACF-58EBF2296064}.Release|Any CPU.ActiveCfg = Release|Any CPU
		{6B4CA735-43C3-C22D-3ACF-58EBF2296064}.Release|Any CPU.Build.0 = Release|Any CPU
		{F7247148-13BE-49AB-A868-07AC7BAF79CC}.Debug|Any CPU.ActiveCfg = Debug|Any CPU
		{F7247148-13BE-49AB-A868-07AC7BAF79CC}.Debug|Any CPU.Build.0 = Debug|Any CPU
		{F7247148-13BE-49AB-A868-07AC7BAF79CC}.Release|Any CPU.ActiveCfg = Release|Any CPU
		{F7247148-13BE-49AB-A868-07AC7BAF79CC}.Release|Any CPU.Build.0 = Release|Any CPU
		{C93D6E51-6D06-FDB5-B611-9E048C4DFC9C}.Debug|Any CPU.ActiveCfg = Debug|Any CPU
		{C93D6E51-6D06-FDB5-B611-9E048C4DFC9C}.Debug|Any CPU.Build.0 = Debug|Any CPU
		{C93D6E51-6D06-FDB5-B611-9E048C4DFC9C}.Release|Any CPU.ActiveCfg = Release|Any CPU
		{C93D6E51-6D06-FDB5-B611-9E048C4DFC9C}.Release|Any CPU.Build.0 = Release|Any CPU
	EndGlobalSection
	GlobalSection(SolutionProperties) = preSolution
		HideSolutionNode = FALSE
	EndGlobalSection
	GlobalSection(ExtensibilityGlobals) = postSolution
		SolutionGuid = {07B986CA-03F3-4C28-A5C0-2FE316D6F4FF}
	EndGlobalSection
EndGlobal
